
Microsoft Visual Studio Solution File, Format Version 12.00
# Visual Studio Version 17
VisualStudioVersion = 17.2.32519.379
MinimumVisualStudioVersion = 10.0.40219.1
Project("{FAE04EC0-301F-11D3-BF4B-00C04F79EFBC}") = "pryComettoVerduleros", "pryComettoVerduleros\pryComettoVerduleros.csproj", "{4CD013BD-8B29-45E1-B16B-3395E970EC28}"
EndProject
Global
	GlobalSection(SolutionConfigurationPlatforms) = preSolution
		Debug|Any CPU = Debug|Any CPU
		Release|Any CPU = Release|Any CPU
	EndGlobalSection
	GlobalSection(ProjectConfigurationPlatforms) = postSolution
		{4CD013BD-8B29-45E1-B16B-3395E970EC28}.Debug|Any CPU.ActiveCfg = Debug|Any CPU
		{4CD013BD-8B29-45E1-B16B-3395E970EC28}.Debug|Any CPU.Build.0 = Debug|Any CPU
		{4CD013BD-8B29-45E1-B16B-3395E970EC28}.Release|Any CPU.ActiveCfg = Release|Any CPU
		{4CD013BD-8B29-45E1-B16B-3395E970EC28}.Release|Any CPU.Build.0 = Release|Any CPU
	EndGlobalSection
	GlobalSection(SolutionProperties) = preSolution
		HideSolutionNode = FALSE
	EndGlobalSection
	GlobalSection(ExtensibilityGlobals) = postSolution
		SolutionGuid = {E56BCD57-9A68-4699-BBDC-D762D5100B33}
	EndGlobalSection
EndGlobal
